
Microsoft Visual Studio Solution File, Format Version 12.00
# Visual Studio Version 17
VisualStudioVersion = 17.14.36301.6 d17.14
MinimumVisualStudioVersion = 10.0.40219.1
Project("{FAE04EC0-301F-11D3-BF4B-00C04F79EFBC}") = "Topic 3.5 - Intro to Methods", "Topic 3.5 - Intro to Methods\Topic 3.5 - Intro to Methods.csproj", "{BF2E4ABA-192E-4C98-B518-7A49B4E603AF}"
EndProject
Global
	GlobalSection(SolutionConfigurationPlatforms) = preSolution
		Debug|Any CPU = Debug|Any CPU
		Release|Any CPU = Release|Any CPU
	EndGlobalSection
	GlobalSection(ProjectConfigurationPlatforms) = postSolution
		{BF2E4ABA-192E-4C98-B518-7A49B4E603AF}.Debug|Any CPU.ActiveCfg = Debug|Any CPU
		{BF2E4ABA-192E-4C98-B518-7A49B4E603AF}.Debug|Any CPU.Build.0 = Debug|Any CPU
		{BF2E4ABA-192E-4C98-B518-7A49B4E603AF}.Release|Any CPU.ActiveCfg = Release|Any CPU
		{BF2E4ABA-192E-4C98-B518-7A49B4E603AF}.Release|Any CPU.Build.0 = Release|Any CPU
	EndGlobalSection
	GlobalSection(SolutionProperties) = preSolution
		HideSolutionNode = FALSE
	EndGlobalSection
	GlobalSection(ExtensibilityGlobals) = postSolution
		SolutionGuid = {2501C5FC-F585-475C-A21F-E0969EAEF253}
	EndGlobalSection
EndGlobal
